
Microsoft Visual Studio Solution File, Format Version 12.00
# Visual Studio Version 17
VisualStudioVersion = 17.14.36414.22 d17.14
MinimumVisualStudioVersion = 10.0.40219.1
Project("{FAE04EC0-301F-11D3-BF4B-00C04F79EFBC}") = "appointment-service", "appointment-service\appointment-service.csproj", "{1F0297F5-47D6-4C9D-817A-056D318C7FFF}"
EndProject
Global
	GlobalSection(SolutionConfigurationPlatforms) = preSolution
		Debug|Any CPU = Debug|Any CPU
		Release|Any CPU = Release|Any CPU
	EndGlobalSection
	GlobalSection(ProjectConfigurationPlatforms) = postSolution
		{1F0297F5-47D6-4C9D-817A-056D318C7FFF}.Debug|Any CPU.ActiveCfg = Debug|Any CPU
		{1F0297F5-47D6-4C9D-817A-056D318C7FFF}.Debug|Any CPU.Build.0 = Debug|Any CPU
		{1F0297F5-47D6-4C9D-817A-056D318C7FFF}.Release|Any CPU.ActiveCfg = Release|Any CPU
		{1F0297F5-47D6-4C9D-817A-056D318C7FFF}.Release|Any CPU.Build.0 = Release|Any CPU
	EndGlobalSection
	GlobalSection(SolutionProperties) = preSolution
		HideSolutionNode = FALSE
	EndGlobalSection
	GlobalSection(ExtensibilityGlobals) = postSolution
		SolutionGuid = {4060CFF8-DFEE-4F7E-A3B7-2D6D611CB3CA}
	EndGlobalSection
EndGlobal
